
Microsoft Visual Studio Solution File, Format Version 12.00
# Visual Studio Version 16
VisualStudioVersion = 16.0.30114.105
MinimumVisualStudioVersion = 10.0.40219.1
Project("{FAE04EC0-301F-11D3-BF4B-00C04F79EFBC}") = "RuneEncoding", "RuneEncoding\RuneEncoding.csproj", "{1D08D39E-2ED9-4140-84F8-9DEE920B1A73}"
EndProject
Project("{FAE04EC0-301F-11D3-BF4B-00C04F79EFBC}") = "RuneEncoding.Tests", "RuneEncoding.Tests\RuneEncoding.Tests.csproj", "{2965521E-513D-469D-A47F-CD28B7DD804E}"
EndProject
Global
	GlobalSection(SolutionConfigurationPlatforms) = preSolution
		Debug|Any CPU = Debug|Any CPU
		Release|Any CPU = Release|Any CPU
	EndGlobalSection
	GlobalSection(SolutionProperties) = preSolution
		HideSolutionNode = FALSE
	EndGlobalSection
	GlobalSection(ProjectConfigurationPlatforms) = postSolution
		{1D08D39E-2ED9-4140-84F8-9DEE920B1A73}.Debug|Any CPU.ActiveCfg = Debug|Any CPU
		{1D08D39E-2ED9-4140-84F8-9DEE920B1A73}.Debug|Any CPU.Build.0 = Debug|Any CPU
		{1D08D39E-2ED9-4140-84F8-9DEE920B1A73}.Release|Any CPU.ActiveCfg = Release|Any CPU
		{1D08D39E-2ED9-4140-84F8-9DEE920B1A73}.Release|Any CPU.Build.0 = Release|Any CPU
		{2965521E-513D-469D-A47F-CD28B7DD804E}.Debug|Any CPU.ActiveCfg = Debug|Any CPU
		{2965521E-513D-469D-A47F-CD28B7DD804E}.Debug|Any CPU.Build.0 = Debug|Any CPU
		{2965521E-513D-469D-A47F-CD28B7DD804E}.Release|Any CPU.ActiveCfg = Release|Any CPU
		{2965521E-513D-469D-A47F-CD28B7DD804E}.Release|Any CPU.Build.0 = Release|Any CPU
	EndGlobalSection
EndGlobal
